
Microsoft Visual Studio Solution File, Format Version 12.00
# Visual Studio Version 17
VisualStudioVersion = 17.7.34024.191
MinimumVisualStudioVersion = 10.0.40219.1
Project("{9A19103F-16F7-4668-BE54-9A1E7A4F7556}") = "EntidadFinanciera", "EntidadFinanciera\EntidadFinanciera.csproj", "{9CEEF649-0080-4B6D-876D-3EA8D5FA1679}"
EndProject
Global
	GlobalSection(SolutionConfigurationPlatforms) = preSolution
		Debug|Any CPU = Debug|Any CPU
		Release|Any CPU = Release|Any CPU
	EndGlobalSection
	GlobalSection(ProjectConfigurationPlatforms) = postSolution
		{9CEEF649-0080-4B6D-876D-3EA8D5FA1679}.Debug|Any CPU.ActiveCfg = Debug|Any CPU
		{9CEEF649-0080-4B6D-876D-3EA8D5FA1679}.Debug|Any CPU.Build.0 = Debug|Any CPU
		{9CEEF649-0080-4B6D-876D-3EA8D5FA1679}.Release|Any CPU.ActiveCfg = Release|Any CPU
		{9CEEF649-0080-4B6D-876D-3EA8D5FA1679}.Release|Any CPU.Build.0 = Release|Any CPU
	EndGlobalSection
	GlobalSection(SolutionProperties) = preSolution
		HideSolutionNode = FALSE
	EndGlobalSection
	GlobalSection(ExtensibilityGlobals) = postSolution
		SolutionGuid = {4A56833F-DF23-4DD3-8B00-D8D5C634B8FA}
	EndGlobalSection
EndGlobal
